
Microsoft Visual Studio Solution File, Format Version 12.00
# Visual Studio Version 16
VisualStudioVersion = 16.0.30907.101
MinimumVisualStudioVersion = 10.0.40219.1
Project("{FAE04EC0-301F-11D3-BF4B-00C04F79EFBC}") = "ClassMetotDemo", "ClassMetotDemo\ClassMetotDemo.csproj", "{27216BE2-03D9-4F2F-940E-7B9640C3C129}"
EndProject
Global
	GlobalSection(SolutionConfigurationPlatforms) = preSolution
		Debug|Any CPU = Debug|Any CPU
		Release|Any CPU = Release|Any CPU
	EndGlobalSection
	GlobalSection(ProjectConfigurationPlatforms) = postSolution
		{27216BE2-03D9-4F2F-940E-7B9640C3C129}.Debug|Any CPU.ActiveCfg = Debug|Any CPU
		{27216BE2-03D9-4F2F-940E-7B9640C3C129}.Debug|Any CPU.Build.0 = Debug|Any CPU
		{27216BE2-03D9-4F2F-940E-7B9640C3C129}.Release|Any CPU.ActiveCfg = Release|Any CPU
		{27216BE2-03D9-4F2F-940E-7B9640C3C129}.Release|Any CPU.Build.0 = Release|Any CPU
	EndGlobalSection
	GlobalSection(SolutionProperties) = preSolution
		HideSolutionNode = FALSE
	EndGlobalSection
	GlobalSection(ExtensibilityGlobals) = postSolution
		SolutionGuid = {6A1A4102-6468-43D6-9945-6E3ABEEC486C}
	EndGlobalSection
EndGlobal
